{
  "version": "5",
  "specifiers": {
    "jsr:@std/assert@1.0.14": "1.0.14",
    "jsr:@std/internal@^1.0.10": "1.0.10"
  },
  "jsr": {
    "@std/assert@1.0.14": {
      "integrity": "68d0d4a43b365abc927f45a9b85c639ea18a9fab96ad92281e493e4ed84abaa4",
      "dependencies": [
        "jsr:@std/internal"
      ]
    },
    "@std/internal@1.0.10": {
      "integrity": "e3be62ce42cab0e177c27698e5d9800122f67b766a0bea6ca4867886cbde8cf7"
    }
  },
  "workspace": {
    "dependencies": [
      "jsr:@std/assert@^1.0.14",
      "jsr:@std/testing@^1.0.15"
    ],
    "packageJson": {
      "dependencies": [
        "npm:@types/cors@^2.8.19",
        "npm:@types/express@^4.17.23",
        "npm:@types/node@^20.19.19",
        "npm:@types/vscode@^1.104.0",
        "npm:@types/ws@^8.18.1",
        "npm:@typescript-eslint/eslint-plugin@^8.45.0",
        "npm:@typescript-eslint/parser@^8.45.0",
        "npm:cors@^2.8.5",
        "npm:eslint-config-prettier@^10.1.8",
        "npm:eslint-plugin-import@^2.32.0",
        "npm:eslint@^9.36.0",
        "npm:express@^4.21.2",
        "npm:prettier-plugin-svelte@^3.4.0",
        "npm:prettier@^3.6.2",
        "npm:typescript@^5.9.3",
        "npm:ws@^8.18.3"
      ]
    }
  }
}
